dependencies:
  idf:
    component_hash: null
    source:
      type: idf
    version: 4.4.4
  lvgl/lvgl:
    component_hash: 2c0e0a0c48cf696bfa2b7ab0ef31843fd9a162620683ab9d916a0d43a3240441
    source:
      service_url: https://api.components.espressif.com/
      type: service
    version: 8.3.8
manifest_hash: 9801bced5c0a69f83e5526c0758370a72bf24db22eb290218f1503d79d16dd45
target: esp32
version: 1.0.0
